PODS:
  - GoogleMaps (8.0.0):
    - GoogleMaps/Maps (= 8.0.0)
  - GoogleMaps/Base (8.0.0)
  - GoogleMaps/Maps (8.0.0):
    - GoogleMaps/Base

DEPENDENCIES:
  - GoogleMaps (= 8.0.0)

SPEC REPOS:
  trunk:
    - GoogleMaps

SPEC CHECKSUMS:
  GoogleMaps: 0dce473ab18742d0f327887853630927cbee9127

PODFILE CHECKSUM: 81be39c86db633300f74acf1bd9115d0e249f24e

COCOAPODS: 1.12.1
